{
  "name": "cute.test",
  "version": "1.0.0",
  "lockfileVersion": 1,
  "requires": true,
  "dependencies": {
    "commander": {
      "version": "8.1.0",
      "resolved": "https://registry.npmjs.org/commander/-/commander-8.1.0.tgz",
      "integrity": "sha512-mf45ldcuHSYShkplHHGKWb4TrmwQadxOn7v4WuhDJy0ZVoY5JFajaRDKD0PNe5qXzBX0rhovjTnP6Kz9LETcuA=="
    },
    "cute.curl.core": {
      "version": "1.2.0",
      "resolved": "https://registry.npmjs.org/cute.curl.core/-/cute.curl.core-1.2.0.tgz",
      "integrity": "sha512-n/Dg8Z7NSZCb7GTrI81/FskhW6LfRbwlS9gKImMySZR0GZPulV0zDerppJifcyThFMOLJ85OPX4/EJQOOqPGjQ==",
      "requires": {
        "mini.req.js": "^1.2.0",
        "parse-headers": "^2.0.4",
        "querystring": "^0.2.1"
      }
    },
    "dson.js": {
      "version": "1.2.0",
      "resolved": "https://registry.npmjs.org/dson.js/-/dson.js-1.2.0.tgz",
      "integrity": "sha512-A3IQJX7Dz6Qj9j3tYfPNq3LLnABujB91P/56VsOFkDtlZsS5StC6aX5fgwtWmchOk3a1o1/vsmmRKQatHeIm9Q==",
      "requires": {
        "jvd.js": "^1.2.2",
        "lisa.json": "^1.3.1",
        "lisa.utils": "^2.1.1",
        "lustjson.js": "^2.2.0"
      }
    },
    "find": {
      "version": "0.3.0",
      "resolved": "https://registry.npmjs.org/find/-/find-0.3.0.tgz",
      "integrity": "sha512-iSd+O4OEYV/I36Zl8MdYJO0xD82wH528SaCieTVHhclgiYNe9y+yPKSwK+A7/WsmHL1EZ+pYUJBXWTL5qofksw==",
      "requires": {
        "traverse-chain": "~0.1.0"
      }
    },
    "fuse.js": {
      "version": "6.4.6",
      "resolved": "https://registry.npmjs.org/fuse.js/-/fuse.js-6.4.6.tgz",
      "integrity": "sha512-/gYxR/0VpXmWSfZOIPS3rWwU8SHgsRTwWuXhyb2O6s7aRuVtHtxCkR33bNYu3wyLyNx/Wpv0vU7FZy8Vj53VNw=="
    },
    "jvd.js": {
      "version": "1.2.2",
      "resolved": "https://registry.npmjs.org/jvd.js/-/jvd.js-1.2.2.tgz",
      "integrity": "sha512-bCFD256u9fYPxwbMZYiJBNOkWWV/7R2i5b8ORwBmQ/p8KqXu0cpqbjWX4YqHF6vK+YTsI956Ub7Lz5FTtoo9ag==",
      "requires": {
        "lisa.utils": "^1.2.0"
      },
      "dependencies": {
        "lisa.utils": {
          "version": "1.3.4",
          "resolved": "https://registry.npmjs.org/lisa.utils/-/lisa.utils-1.3.4.tgz",
          "integrity": "sha512-AvnXJSSjS9trxnq3hWAlVPOW8W5Ec4YPfpBpPRPW/pOeuqUUSyR1tGFf1bLozMRKVbecVkuFR9JIwcRJVogaBA=="
        }
      }
    },
    "lisa.gache.js": {
      "version": "1.0.0",
      "resolved": "https://registry.npmjs.org/lisa.gache.js/-/lisa.gache.js-1.0.0.tgz",
      "integrity": "sha512-/SxCKWqQdqSlPBYQskJnQRvSjyzMMfkGEWyy31h9f/ybatcKEDr73jtkH/o0bX1RAuo5XFMG2xbDls7PTOM3eQ==",
      "requires": {
        "lisa.sync": "^1.2.4",
        "lisa.utils": "^2.5.0"
      }
    },
    "lisa.json": {
      "version": "1.3.2",
      "resolved": "https://registry.npmjs.org/lisa.json/-/lisa.json-1.3.2.tgz",
      "integrity": "sha512-/+VkzNLprWgh3sJW4m5TCzGqf+TMR9EMZxk7XCjT5SwwqAtk77UNpRZpwWYgtpKMcsT758LVw+GpFFfHGKRMYQ==",
      "requires": {
        "lisa.utils": "^1.2.0",
        "lustjson.js": "^3.0.0"
      },
      "dependencies": {
        "lisa.utils": {
          "version": "1.3.4",
          "resolved": "https://registry.npmjs.org/lisa.utils/-/lisa.utils-1.3.4.tgz",
          "integrity": "sha512-AvnXJSSjS9trxnq3hWAlVPOW8W5Ec4YPfpBpPRPW/pOeuqUUSyR1tGFf1bLozMRKVbecVkuFR9JIwcRJVogaBA=="
        },
        "lustjson.js": {
          "version": "3.0.0",
          "resolved": "https://registry.npmjs.org/lustjson.js/-/lustjson.js-3.0.0.tgz",
          "integrity": "sha512-a1bMPpUmSRZ1A85Ix1Pkv6QG1dBU1HD70ACf+uV0cXg6SC2uHjeR6MPVSAl81jdV7EaEp6m4L3g+iixwWoPhqw=="
        }
      }
    },
    "lisa.orbit": {
      "version": "1.0.6",
      "resolved": "https://registry.npmjs.org/lisa.orbit/-/lisa.orbit-1.0.6.tgz",
      "integrity": "sha512-UktPNAwhzur8fd/L6LdARK8EIHjRbj8cyfkvy1jo5EXYl9bw0bGWHbPCpVxrJYBXn/X8Y9+JXW/lg/9JiLIh2w==",
      "requires": {
        "lisa.promise": "^2.0.0",
        "lisa.utils": "^2.2.0"
      }
    },
    "lisa.promise": {
      "version": "2.0.0",
      "resolved": "https://registry.npmjs.org/lisa.promise/-/lisa.promise-2.0.0.tgz",
      "integrity": "sha512-62ko2VHjs63NLfBaj6LXWFTCg3LQNqrQyLiBoat+WwJc41AQaWa/9xnqO4NFjxJzg0LEDFVQC3VQjMCf7opWIg==",
      "requires": {
        "promise-sequential": "^1.1.1"
      }
    },
    "lisa.sync": {
      "version": "1.2.4",
      "resolved": "https://registry.npmjs.org/lisa.sync/-/lisa.sync-1.2.4.tgz",
      "integrity": "sha512-37IEDsQwEANNu1atkr2eAAxXfgC7wztVtH4XmUSgl1bQudXZwW4LpJRmKFNKu4qMGrrvwlIMAhKHjAgyAt1Cdw==",
      "requires": {
        "lisa.orbit": "^1.0.6",
        "lisa.utils": "^2.5.0"
      }
    },
    "lisa.utils": {
      "version": "2.5.0",
      "resolved": "https://registry.npmjs.org/lisa.utils/-/lisa.utils-2.5.0.tgz",
      "integrity": "sha512-mRaXnVu6DZ+kf5P5a9mDLhRuzqHPK06tWQ4mGUi9/ozlHBpfLwhJ3fsoclmBCF1VOVK58dUL2hbtV5v5pqxC5g=="
    },
    "lustjson.js": {
      "version": "2.2.0",
      "resolved": "https://registry.npmjs.org/lustjson.js/-/lustjson.js-2.2.0.tgz",
      "integrity": "sha512-LRTMEsP4xoHyNre/hJxdz+L8NU8kV1YGvZeW0P3g8B3kSMdlJ/7h0GIt8IxYRa5MhKfpM3vibd6oZ3NZrHOdww=="
    },
    "mini.req.js": {
      "version": "1.2.0",
      "resolved": "https://registry.npmjs.org/mini.req.js/-/mini.req.js-1.2.0.tgz",
      "integrity": "sha512-ub3GZ/koGlbH+DlNselfLuJ87C2JEOBLsf/rhzoslF1fdIgahA8t91FMUyeiDrgFQlMHmbysUf8rVOQAqHCG9g=="
    },
    "parse-headers": {
      "version": "2.0.4",
      "resolved": "https://registry.npmjs.org/parse-headers/-/parse-headers-2.0.4.tgz",
      "integrity": "sha512-psZ9iZoCNFLrgRjZ1d8mn0h9WRqJwFxM9q3x7iUjN/YT2OksthDJ5TiPCu2F38kS4zutqfW+YdVVkBZZx3/1aw=="
    },
    "promise-sequential": {
      "version": "1.1.1",
      "resolved": "https://registry.npmjs.org/promise-sequential/-/promise-sequential-1.1.1.tgz",
      "integrity": "sha1-956JUO+G56eoW/MgRSZDWS9tL7I="
    },
    "querystring": {
      "version": "0.2.1",
      "resolved": "https://registry.npmjs.org/querystring/-/querystring-0.2.1.tgz",
      "integrity": "sha512-wkvS7mL/JMugcup3/rMitHmd9ecIGd2lhFhK9N3UUQ450h66d1r3Y9nvXzQAW1Lq+wyx61k/1pfKS5KuKiyEbg=="
    },
    "querystringify": {
      "version": "2.2.0",
      "resolved": "https://registry.npmjs.org/querystringify/-/querystringify-2.2.0.tgz",
      "integrity": "sha512-FIqgj2EUvTa7R50u0rGsyTftzjYmv/a3hO345bZNrqabNqjtgiDMgmo4mkUjd+nzU5oF3dClKqFIPUKybUyqoQ=="
    },
    "requires-port": {
      "version": "1.0.0",
      "resolved": "https://registry.npmjs.org/requires-port/-/requires-port-1.0.0.tgz",
      "integrity": "sha1-kl0mAdOaxIXgkc8NpcbmlNw9yv8="
    },
    "traverse-chain": {
      "version": "0.1.0",
      "resolved": "https://registry.npmjs.org/traverse-chain/-/traverse-chain-0.1.0.tgz",
      "integrity": "sha1-YdvC1Ttp/2CRoSoWj9fUMxB+QPE="
    },
    "url-parse": {
      "version": "1.5.3",
      "resolved": "https://registry.npmjs.org/url-parse/-/url-parse-1.5.3.tgz",
      "integrity": "sha512-IIORyIQD9rvj0A4CLWsHkBBJuNqWpFQe224b6j9t/ABmquIS0qDU2pY6kl6AuOrL5OkCXHMCFNe1jBcuAggjvQ==",
      "requires": {
        "querystringify": "^2.1.1",
        "requires-port": "^1.0.0"
      }
    }
  }
}
